
Microsoft Visual Studio Solution File, Format Version 12.00
# Visual Studio Version 17
VisualStudioVersion = 17.9.34607.119
MinimumVisualStudioVersion = 10.0.40219.1
Project("{FAE04EC0-301F-11D3-BF4B-00C04F79EFBC}") = "BugShow", "BugShow\BugShow.csproj", "{D430D61E-FFBD-486D-A6C2-7911BA9BD195}"
EndProject
Global
	GlobalSection(SolutionConfigurationPlatforms) = preSolution
		Debug|Any CPU = Debug|Any CPU
		Release|Any CPU = Release|Any CPU
	EndGlobalSection
	GlobalSection(ProjectConfigurationPlatforms) = postSolution
		{D430D61E-FFBD-486D-A6C2-7911BA9BD195}.Debug|Any CPU.ActiveCfg = Debug|Any CPU
		{D430D61E-FFBD-486D-A6C2-7911BA9BD195}.Debug|Any CPU.Build.0 = Debug|Any CPU
		{D430D61E-FFBD-486D-A6C2-7911BA9BD195}.Debug|Any CPU.Deploy.0 = Debug|Any CPU
		{D430D61E-FFBD-486D-A6C2-7911BA9BD195}.Release|Any CPU.ActiveCfg = Release|Any CPU
		{D430D61E-FFBD-486D-A6C2-7911BA9BD195}.Release|Any CPU.Build.0 = Release|Any CPU
		{D430D61E-FFBD-486D-A6C2-7911BA9BD195}.Release|Any CPU.Deploy.0 = Release|Any CPU
	EndGlobalSection
	GlobalSection(SolutionProperties) = preSolution
		HideSolutionNode = FALSE
	EndGlobalSection
	GlobalSection(ExtensibilityGlobals) = postSolution
		SolutionGuid = {ADDE60F9-B161-4E99-807F-AC298F11B482}
	EndGlobalSection
EndGlobal
